
Microsoft Visual Studio Solution File, Format Version 12.00
# Visual Studio Version 16
VisualStudioVersion = 16.0.31410.357
MinimumVisualStudioVersion = 10.0.40219.1
Project("{FAE04EC0-301F-11D3-BF4B-00C04F79EFBC}") = "Static and Instance member of a class", "Static and Instance member of a class\Static and Instance member of a class.csproj", "{3C442B44-EFF6-45B6-B886-B0B987FDD504}"
EndProject
Global
	GlobalSection(SolutionConfigurationPlatforms) = preSolution
		Debug|Any CPU = Debug|Any CPU
		Release|Any CPU = Release|Any CPU
	EndGlobalSection
	GlobalSection(ProjectConfigurationPlatforms) = postSolution
		{3C442B44-EFF6-45B6-B886-B0B987FDD504}.Debug|Any CPU.ActiveCfg = Debug|Any CPU
		{3C442B44-EFF6-45B6-B886-B0B987FDD504}.Debug|Any CPU.Build.0 = Debug|Any CPU
		{3C442B44-EFF6-45B6-B886-B0B987FDD504}.Release|Any CPU.ActiveCfg = Release|Any CPU
		{3C442B44-EFF6-45B6-B886-B0B987FDD504}.Release|Any CPU.Build.0 = Release|Any CPU
	EndGlobalSection
	GlobalSection(SolutionProperties) = preSolution
		HideSolutionNode = FALSE
	EndGlobalSection
	GlobalSection(ExtensibilityGlobals) = postSolution
		SolutionGuid = {A19274CE-688D-48A8-9AC8-1999C135042A}
	EndGlobalSection
EndGlobal
